
Microsoft Visual Studio Solution File, Format Version 12.00
# Visual Studio Version 16
VisualStudioVersion = 16.0.30621.155
MinimumVisualStudioVersion = 10.0.40219.1
Project("{9A19103F-16F7-4668-BE54-9A1E7A4F7556}") = "Tuspelis", "Tuspelis\Tuspelis.csproj", "{D4B01697-E014-42F8-A0DB-656953AFE017}"
EndProject
Global
	GlobalSection(SolutionConfigurationPlatforms) = preSolution
		Debug|Any CPU = Debug|Any CPU
		Release|Any CPU = Release|Any CPU
	EndGlobalSection
	GlobalSection(ProjectConfigurationPlatforms) = postSolution
		{D4B01697-E014-42F8-A0DB-656953AFE017}.Debug|Any CPU.ActiveCfg = Debug|Any CPU
		{D4B01697-E014-42F8-A0DB-656953AFE017}.Debug|Any CPU.Build.0 = Debug|Any CPU
		{D4B01697-E014-42F8-A0DB-656953AFE017}.Release|Any CPU.ActiveCfg = Release|Any CPU
		{D4B01697-E014-42F8-A0DB-656953AFE017}.Release|Any CPU.Build.0 = Release|Any CPU
	EndGlobalSection
	GlobalSection(SolutionProperties) = preSolution
		HideSolutionNode = FALSE
	EndGlobalSection
	GlobalSection(ExtensibilityGlobals) = postSolution
		SolutionGuid = {3F33B603-3CCE-4316-B4E5-5A73363558E5}
	EndGlobalSection
EndGlobal
